# This file is automatically @generated by Cargo.
# It is not intended for manual editing.
[[package]]
name = "bit_field"
version = "0.9.0"
source = "registry+https://github.com/rust-lang/crates.io-index"
checksum = "ed8765909f9009617974ab6b7d332625b320b33c326b1e9321382ef1999b5d56"

[[package]]
name = "bitflags"
version = "1.2.1"
source = "registry+https://github.com/rust-lang/crates.io-index"
checksum = "cf1de2fe8c75bc145a2f577add951f8134889b4795d47466a54a5c846d691693"

[[package]]
name = "bootloader"
version = "0.9.11"
source = "registry+https://github.com/rust-lang/crates.io-index"
checksum = "83732ad599045a978528e4311539fdcb20c30e406b66d1d08cd4089d4fc8d90f"

[[package]]
name = "byteorder"
version = "1.3.4"
source = "registry+https://github.com/rust-lang/crates.io-index"
checksum = "08c48aae112d48ed9f069b33538ea9e3e90aa263cfa3d1c24309612b1f7472de"

[[package]]
name = "cpuio"
version = "0.3.0"
source = "registry+https://github.com/rust-lang/crates.io-index"
checksum = "d531514efb06912141fa65967447de805691b685a7565c87d1765afe34a98aa7"

[[package]]
name = "fixed"
version = "0.5.7"
source = "registry+https://github.com/rust-lang/crates.io-index"
checksum = "f32ca1abdbb21d63a3e02a658a9e3001b172f13c8b46724299e21190c5ee5041"
dependencies = [
 "typenum",
]

[[package]]
name = "lazy_static"
version = "1.4.0"
source = "registry+https://github.com/rust-lang/crates.io-index"
checksum = "e2abad23fbc42b3700f2f279844dc832adb2b2eb069b2df918f455c4e18cc646"
dependencies = [
 "spin 0.5.2",
]

[[package]]
name = "libm"
version = "0.2.1"
source = "registry+https://github.com/rust-lang/crates.io-index"
checksum = "c7d73b3f436185384286bd8098d17ec07c9a7d2388a6599f824d8502b529702a"

[[package]]
name = "mish"
version = "0.1.4"
source = "registry+https://github.com/rust-lang/crates.io-index"
checksum = "2bb48a37f3e8a2312c1f991582b49d119a096913b17d93b01bc0d920798257fe"

[[package]]
name = "pc-keyboard"
version = "0.5.1"
source = "registry+https://github.com/rust-lang/crates.io-index"
checksum = "5c6f2d937e3b8d63449b01401e2bae4041bc9dd1129c2e3e0d239407cf6635ac"

[[package]]
name = "pic8259_simple"
version = "0.2.0"
source = "registry+https://github.com/rust-lang/crates.io-index"
checksum = "af2a5497fb8e59bf8015f67b7dff238d75ef445e03f23edac24ac3a8f09be952"
dependencies = [
 "cpuio",
]

[[package]]
name = "pong"
version = "0.1.0"
dependencies = [
 "bootloader",
 "byteorder",
 "fixed",
 "lazy_static",
 "libm",
 "mish",
 "pc-keyboard",
 "pic8259_simple",
 "spin 0.7.0",
 "volatile",
 "x86_64",
]

[[package]]
name = "spin"
version = "0.5.2"
source = "registry+https://github.com/rust-lang/crates.io-index"
checksum = "6e63cff320ae2c57904679ba7cb63280a3dc4613885beafb148ee7bf9aa9042d"

[[package]]
name = "spin"
version = "0.7.0"
source = "registry+https://github.com/rust-lang/crates.io-index"
checksum = "652ac3743312871a5fb703f0337e68ffa3cdc28c863efad0b8dc858fa10c991b"

[[package]]
name = "typenum"
version = "1.12.0"
source = "registry+https://github.com/rust-lang/crates.io-index"
checksum = "373c8a200f9e67a0c95e62a4f52fbf80c23b4381c05a17845531982fa99e6b33"

[[package]]
name = "volatile"
version = "0.2.7"
source = "registry+https://github.com/rust-lang/crates.io-index"
checksum = "f6b06ad3ed06fef1713569d547cdbdb439eafed76341820fb0e0344f29a41945"

[[package]]
name = "x86_64"
version = "0.12.2"
source = "registry+https://github.com/rust-lang/crates.io-index"
checksum = "d5b4b42dbabe13b69023e1a1407d395f1a1a33df76e9a9efdbe303acc907e292"
dependencies = [
 "bit_field",
 "bitflags",
]
